
Microsoft Visual Studio Solution File, Format Version 12.00
# Visual Studio Version 17
VisualStudioVersion = 17.5.2.0
MinimumVisualStudioVersion = 10.0.40219.1
Project("{FAE04EC0-301F-11D3-BF4B-00C04F79EFBC}") = "EqualDistributionLib", "EqualDistributionLib\EqualDistributionLib.csproj", "{92A79EA7-AA85-B503-A239-11327FC16EB3}"
EndProject
Project("{FAE04EC0-301F-11D3-BF4B-00C04F79EFBC}") = "EqualDistributionTest", "EqualDistributionTest\EqualDistributionTest.csproj", "{EDC2F8EA-A412-181E-E90F-D8B48435D86C}"
EndProject
Project("{FAE04EC0-301F-11D3-BF4B-00C04F79EFBC}") = "ConsoleApp1", "ConsoleApp1\ConsoleApp1.csproj", "{5A928BF2-1DD8-4106-BC85-4A53725122F5}"
EndProject
Global
	GlobalSection(SolutionConfigurationPlatforms) = preSolution
		Debug|Any CPU = Debug|Any CPU
		Debug|x64 = Debug|x64
		Debug|x86 = Debug|x86
		Release|Any CPU = Release|Any CPU
		Release|x64 = Release|x64
		Release|x86 = Release|x86
	EndGlobalSection
	GlobalSection(ProjectConfigurationPlatforms) = postSolution
		{92A79EA7-AA85-B503-A239-11327FC16EB3}.Debug|Any CPU.ActiveCfg = Debug|Any CPU
		{92A79EA7-AA85-B503-A239-11327FC16EB3}.Debug|Any CPU.Build.0 = Debug|Any CPU
		{92A79EA7-AA85-B503-A239-11327FC16EB3}.Debug|x64.ActiveCfg = Debug|Any CPU
		{92A79EA7-AA85-B503-A239-11327FC16EB3}.Debug|x64.Build.0 = Debug|Any CPU
		{92A79EA7-AA85-B503-A239-11327FC16EB3}.Debug|x86.ActiveCfg = Debug|Any CPU
		{92A79EA7-AA85-B503-A239-11327FC16EB3}.Debug|x86.Build.0 = Debug|Any CPU
		{92A79EA7-AA85-B503-A239-11327FC16EB3}.Release|Any CPU.ActiveCfg = Release|Any CPU
		{92A79EA7-AA85-B503-A239-11327FC16EB3}.Release|Any CPU.Build.0 = Release|Any CPU
		{92A79EA7-AA85-B503-A239-11327FC16EB3}.Release|x64.ActiveCfg = Release|Any CPU
		{92A79EA7-AA85-B503-A239-11327FC16EB3}.Release|x64.Build.0 = Release|Any CPU
		{92A79EA7-AA85-B503-A239-11327FC16EB3}.Release|x86.ActiveCfg = Release|Any CPU
		{92A79EA7-AA85-B503-A239-11327FC16EB3}.Release|x86.Build.0 = Release|Any CPU
		{EDC2F8EA-A412-181E-E90F-D8B48435D86C}.Debug|Any CPU.ActiveCfg = Debug|Any CPU
		{EDC2F8EA-A412-181E-E90F-D8B48435D86C}.Debug|Any CPU.Build.0 = Debug|Any CPU
		{EDC2F8EA-A412-181E-E90F-D8B48435D86C}.Debug|x64.ActiveCfg = Debug|Any CPU
		{EDC2F8EA-A412-181E-E90F-D8B48435D86C}.Debug|x64.Build.0 = Debug|Any CPU
		{EDC2F8EA-A412-181E-E90F-D8B48435D86C}.Debug|x86.ActiveCfg = Debug|Any CPU
		{EDC2F8EA-A412-181E-E90F-D8B48435D86C}.Debug|x86.Build.0 = Debug|Any CPU
		{EDC2F8EA-A412-181E-E90F-D8B48435D86C}.Release|Any CPU.ActiveCfg = Release|Any CPU
		{EDC2F8EA-A412-181E-E90F-D8B48435D86C}.Release|Any CPU.Build.0 = Release|Any CPU
		{EDC2F8EA-A412-181E-E90F-D8B48435D86C}.Release|x64.ActiveCfg = Release|Any CPU
		{EDC2F8EA-A412-181E-E90F-D8B48435D86C}.Release|x64.Build.0 = Release|Any CPU
		{EDC2F8EA-A412-181E-E90F-D8B48435D86C}.Release|x86.ActiveCfg = Release|Any CPU
		{EDC2F8EA-A412-181E-E90F-D8B48435D86C}.Release|x86.Build.0 = Release|Any CPU
		{5A928BF2-1DD8-4106-BC85-4A53725122F5}.Debug|Any CPU.ActiveCfg = Debug|Any CPU
		{5A928BF2-1DD8-4106-BC85-4A53725122F5}.Debug|Any CPU.Build.0 = Debug|Any CPU
		{5A928BF2-1DD8-4106-BC85-4A53725122F5}.Debug|x64.ActiveCfg = Debug|Any CPU
		{5A928BF2-1DD8-4106-BC85-4A53725122F5}.Debug|x64.Build.0 = Debug|Any CPU
		{5A928BF2-1DD8-4106-BC85-4A53725122F5}.Debug|x86.ActiveCfg = Debug|Any CPU
		{5A928BF2-1DD8-4106-BC85-4A53725122F5}.Debug|x86.Build.0 = Debug|Any CPU
		{5A928BF2-1DD8-4106-BC85-4A53725122F5}.Release|Any CPU.ActiveCfg = Release|Any CPU
		{5A928BF2-1DD8-4106-BC85-4A53725122F5}.Release|Any CPU.Build.0 = Release|Any CPU
		{5A928BF2-1DD8-4106-BC85-4A53725122F5}.Release|x64.ActiveCfg = Release|Any CPU
		{5A928BF2-1DD8-4106-BC85-4A53725122F5}.Release|x64.Build.0 = Release|Any CPU
		{5A928BF2-1DD8-4106-BC85-4A53725122F5}.Release|x86.ActiveCfg = Release|Any CPU
		{5A928BF2-1DD8-4106-BC85-4A53725122F5}.Release|x86.Build.0 = Release|Any CPU
	EndGlobalSection
	GlobalSection(SolutionProperties) = preSolution
		HideSolutionNode = FALSE
	EndGlobalSection
	GlobalSection(ExtensibilityGlobals) = postSolution
		SolutionGuid = {4B6AE122-7087-496D-BAF2-653D5B1DFDB5}
	EndGlobalSection
EndGlobal
